
Microsoft Visual Studio Solution File, Format Version 12.00
# Visual Studio Version 17
VisualStudioVersion = 17.14.36603.0
MinimumVisualStudioVersion = 10.0.40219.1
Project("{2150E333-8FDC-42A3-9474-1A3956D46DE8}") = "BankManagement", "BankManagement", "{02EA681E-C7D8-13C7-8484-4AC65E1B71E8}"
EndProject
Project("{2150E333-8FDC-42A3-9474-1A3956D46DE8}") = "BM.Domain", "BM.Domain", "{4A1EB669-0751-4E48-81B0-21FA26C607E6}"
EndProject
Project("{FAE04EC0-301F-11D3-BF4B-00C04F79EFBC}") = "BankManagement.Domain", "BankManagement.Domain\BankManagement.Domain.csproj", "{C5B341DA-E3DC-42A1-B9B3-202112588FF0}"
EndProject
Project("{FAE04EC0-301F-11D3-BF4B-00C04F79EFBC}") = "01_FrameWork", "01_FrameWork\01_FrameWork.csproj", "{65AB6357-959C-4B10-93F7-883E7FEAA89E}"
EndProject
Project("{2150E333-8FDC-42A3-9474-1A3956D46DE8}") = "GeneralInfoManagement", "GeneralInfoManagement", "{3CA45053-DD68-4BD9-9278-5CDAF6FAE340}"
EndProject
Project("{2150E333-8FDC-42A3-9474-1A3956D46DE8}") = "GIM.Domain", "GIM.Domain", "{0FA894EF-B245-4726-B05D-254347803F5F}"
EndProject
Project("{FAE04EC0-301F-11D3-BF4B-00C04F79EFBC}") = "GeneralInfoManagement.Domain", "GeneralInfoManagement.Domain\GeneralInfoManagement.Domain.csproj", "{1518C540-23EC-4443-A81F-4E99B55C83BF}"
EndProject
Project("{2150E333-8FDC-42A3-9474-1A3956D46DE8}") = "FixedAssetManagement", "FixedAssetManagement", "{3631DCDB-30F9-4FD5-AAF7-2275A62A448E}"
EndProject
Project("{2150E333-8FDC-42A3-9474-1A3956D46DE8}") = "FAM.Domain", "FAM.Domain", "{B7BF48BD-70BE-42B1-A8D0-14AD09402B60}"
EndProject
Project("{FAE04EC0-301F-11D3-BF4B-00C04F79EFBC}") = "FixedAssetManagement.Domain", "FixedAssetManagement.Domain\FixedAssetManagement.Domain.csproj", "{2F94F399-F14B-4EFB-9818-55EE6A8D13E1}"
EndProject
Project("{2150E333-8FDC-42A3-9474-1A3956D46DE8}") = "InvoiceSystemManagement", "InvoiceSystemManagement", "{CD268D7B-854B-40F2-B1B1-5FEA0C279761}"
EndProject
Project("{2150E333-8FDC-42A3-9474-1A3956D46DE8}") = "ISM.Domain", "ISM.Domain", "{9CC57C02-218F-4081-83E1-D9EEA2EA59CB}"
EndProject
Project("{FAE04EC0-301F-11D3-BF4B-00C04F79EFBC}") = "InvoiceSystemManagement.Domain", "InvoiceSystemManagement.Domain\InvoiceSystemManagement.Domain.csproj", "{FDA22D3B-A89E-4F72-A8B7-2DFE7F1BCB72}"
EndProject
Project("{2150E333-8FDC-42A3-9474-1A3956D46DE8}") = "PayrollSystemManagement", "PayrollSystemManagement", "{1AB2CE50-BF2E-4EF8-82F4-0962A6105953}"
EndProject
Project("{2150E333-8FDC-42A3-9474-1A3956D46DE8}") = "PSM.Domain", "PSM.Domain", "{8F7EAD4C-0FA7-4A23-BFA5-9C05178305E9}"
EndProject
Project("{FAE04EC0-301F-11D3-BF4B-00C04F79EFBC}") = "PayrollSystemManagement.Domain", "PayrollSystemManagement.Domain\PayrollSystemManagement.Domain.csproj", "{07E18E20-385C-497C-9526-5491F6D35621}"
EndProject
Project("{2150E333-8FDC-42A3-9474-1A3956D46DE8}") = "PersonManagement", "PersonManagement", "{A7B0587D-0EF7-4B03-A5E2-1B59D48BF62D}"
EndProject
Project("{2150E333-8FDC-42A3-9474-1A3956D46DE8}") = "PM.Domain", "PM.Domain", "{57991AA3-1C0A-4421-9FE4-42B7BEDC7941}"
EndProject
Project("{FAE04EC0-301F-11D3-BF4B-00C04F79EFBC}") = "PersonManagement.Domain", "PersonManagement.Domain\PersonManagement.Domain.csproj", "{7E8C69FC-6149-4D10-AA33-8804B8DCBA79}"
EndProject
Project("{2150E333-8FDC-42A3-9474-1A3956D46DE8}") = "InventoryManagement", "InventoryManagement", "{44C01820-5E56-4B22-A0FB-9F4B19AD62E9}"
EndProject
Project("{2150E333-8FDC-42A3-9474-1A3956D46DE8}") = "IM.Domain", "IM.Domain", "{DD31B906-BAE5-499E-8CB2-F4A573E1BD54}"
EndProject
Project("{FAE04EC0-301F-11D3-BF4B-00C04F79EFBC}") = "InventoryManagement.Domain", "InventoryManagement.Domain\InventoryManagement.Domain.csproj", "{0168BA89-4169-4A72-86EE-0A2C1F128EBB}"
EndProject
Project("{2150E333-8FDC-42A3-9474-1A3956D46DE8}") = "AccountManagement", "AccountManagement", "{FF15DB3C-4948-4659-B551-CCA8A2B0014D}"
EndProject
Project("{2150E333-8FDC-42A3-9474-1A3956D46DE8}") = "AM.Domain", "AM.Domain", "{E1339215-5369-46BE-A6C6-2D88D231AF51}"
EndProject
Project("{FAE04EC0-301F-11D3-BF4B-00C04F79EFBC}") = "AccountManagement.Domain", "AccountManagement.Domain\AccountManagement.Domain.csproj", "{0B17F7D5-218E-4151-8332-454F296AFEA7}"
EndProject
Project("{2150E333-8FDC-42A3-9474-1A3956D46DE8}") = "LogManagement", "LogManagement", "{E418AE51-4A64-4152-A108-043AC283F490}"
EndProject
Project("{2150E333-8FDC-42A3-9474-1A3956D46DE8}") = "LM.Domain", "LM.Domain", "{E17149DD-1945-44E3-AC7F-29B0F292213A}"
EndProject
Project("{FAE04EC0-301F-11D3-BF4B-00C04F79EFBC}") = "LogManagement.Domain", "LogManagement.Domain\LogManagement.Domain.csproj", "{094E6888-FA29-464E-84BF-6DCC0F44C1C5}"
EndProject
Project("{2150E333-8FDC-42A3-9474-1A3956D46DE8}") = "BM.Infrastructure", "BM.Infrastructure", "{F9FADDEE-EE43-425F-99D1-880B2ABB52A9}"
EndProject
Project("{FAE04EC0-301F-11D3-BF4B-00C04F79EFBC}") = "BankManagement.Infrastructure.EFCore", "BankManagement.Infrastructure.EFCore\BankManagement.Infrastructure.EFCore.csproj", "{D1279532-608D-44CC-84E6-3AA6F11DF201}"
EndProject
Project("{FAE04EC0-301F-11D3-BF4B-00C04F79EFBC}") = "BankManagement.Configuration", "BankManagement.Configuration\BankManagement.Configuration.csproj", "{6FD1A2B9-5EA8-4B1F-AB2D-40688EE95FE6}"
EndProject
Project("{2150E333-8FDC-42A3-9474-1A3956D46DE8}") = "AM.Infrastructure", "AM.Infrastructure", "{13F7B441-AE35-42E2-8F78-B43B958D2809}"
EndProject
Project("{FAE04EC0-301F-11D3-BF4B-00C04F79EFBC}") = "AccountManagement.Infrastructure.EFCore", "AccountManagement.Infrastructure.EFCore\AccountManagement.Infrastructure.EFCore.csproj", "{1185B43B-8B8D-4401-BBB1-EFB969CDE224}"
EndProject
Project("{2150E333-8FDC-42A3-9474-1A3956D46DE8}") = "FAM.Infrastructure", "FAM.Infrastructure", "{7A259F32-CB08-478F-A263-65B0458D98C4}"
EndProject
Project("{FAE04EC0-301F-11D3-BF4B-00C04F79EFBC}") = "FixedAssetManagement.Infrastructure.EFCore", "FixedAssetManagement.Infrastructure.EFCore\FixedAssetManagement.Infrastructure.EFCore.csproj", "{9325ECDE-5AB1-4993-BA9F-A503718E94D2}"
EndProject
Project("{2150E333-8FDC-42A3-9474-1A3956D46DE8}") = "GIM.Infrastructure", "GIM.Infrastructure", "{3900CC97-523A-410C-AB67-F4E6A92F3235}"
EndProject
Project("{FAE04EC0-301F-11D3-BF4B-00C04F79EFBC}") = "GeneralInfoManagement.Infrastructure.EFCore", "GeneralInfoManagement.Infrastructure.EFCore\GeneralInfoManagement.Infrastructure.EFCore.csproj", "{9797B7F3-62C4-4F8A-802E-5DDC86D0F0BC}"
EndProject
Project("{2150E333-8FDC-42A3-9474-1A3956D46DE8}") = "LM.Infrastructure", "LM.Infrastructure", "{BBFC588E-73D2-4D13-B1A9-9DBB3906CCDC}"
EndProject
Project("{FAE04EC0-301F-11D3-BF4B-00C04F79EFBC}") = "LogManagement.Infrastructure.EFCore", "LogManagement.Infrastructure.EFCore\LogManagement.Infrastructure.EFCore.csproj", "{0373DDCD-C62A-4820-A0E0-7F58AA30619A}"
EndProject
Project("{2150E333-8FDC-42A3-9474-1A3956D46DE8}") = "PSM.Infrastructure", "PSM.Infrastructure", "{DAD717B7-C223-4172-ACF1-DFAF40FFB2D5}"
EndProject
Project("{FAE04EC0-301F-11D3-BF4B-00C04F79EFBC}") = "PayrollSystemManagement.Configuration", "PayrollSystemManagement.Configuration\PayrollSystemManagement.Configuration.csproj", "{580408D0-06D4-420A-8930-4A95D3B0417D}"
EndProject
Project("{2150E333-8FDC-42A3-9474-1A3956D46DE8}") = "IM.Infrastructure", "IM.Infrastructure", "{F43155CC-E6E3-46C1-9F15-8F4B2C94221C}"
EndProject
Project("{FAE04EC0-301F-11D3-BF4B-00C04F79EFBC}") = "InventoryManagement.Infrastructure.EFCore", "InventoryManagement.Infrastructure.EFCore\InventoryManagement.Infrastructure.EFCore.csproj", "{495F238F-EE55-48BB-9FAF-27F33A42B293}"
EndProject
Project("{2150E333-8FDC-42A3-9474-1A3956D46DE8}") = "ISM.Infrastructure", "ISM.Infrastructure", "{CEE900F5-2B7E-4D48-9B46-9297A73BD6EE}"
EndProject
Project("{FAE04EC0-301F-11D3-BF4B-00C04F79EFBC}") = "InvoiceSystemManagement.Infrastructure.EFCore", "InvoiceSystemManagement.Infrastructure.EFCore\InvoiceSystemManagement.Infrastructure.EFCore.csproj", "{DA3F8368-BF7E-47F8-8A36-DF9D07512F3D}"
EndProject
Project("{FAE04EC0-301F-11D3-BF4B-00C04F79EFBC}") = "PayrollSystemManagement.Infrastructure.EFCore", "PayrollSystemManagement.Infrastructure.EFCore\PayrollSystemManagement.Infrastructure.EFCore.csproj", "{5062B4C2-00D9-4CB6-B2CC-94924FBFA27E}"
EndProject
Project("{2150E333-8FDC-42A3-9474-1A3956D46DE8}") = "PM.Infrastructure", "PM.Infrastructure", "{E5A49E57-6C91-4686-8331-793A1191930F}"
EndProject
Project("{FAE04EC0-301F-11D3-BF4B-00C04F79EFBC}") = "PersonManagement.Infrastructure.EFCore", "PersonManagement.Infrastructure.EFCore\PersonManagement.Infrastructure.EFCore.csproj", "{3E02CDAB-F757-46BB-9EE4-4E5503855DBA}"
EndProject
Project("{FAE04EC0-301F-11D3-BF4B-00C04F79EFBC}") = "AccountManagement.Configuration", "AccountManagement.Configuration\AccountManagement.Configuration.csproj", "{4ABF39B2-792F-4CA5-AD05-92BCF4DB199A}"
EndProject
Project("{FAE04EC0-301F-11D3-BF4B-00C04F79EFBC}") = "FixedAssetManagement.Configuration", "FixedAssetManagement.Configuration\FixedAssetManagement.Configuration.csproj", "{18D912B6-F209-4135-9DF9-8073DD6B5E62}"
EndProject
Project("{FAE04EC0-301F-11D3-BF4B-00C04F79EFBC}") = "GeneralInfoManagement.Configuration", "GeneralInfoManagement.Configuration\GeneralInfoManagement.Configuration.csproj", "{60DF6276-E48E-4C8C-9E7F-48DBB2C467F9}"
EndProject
Project("{FAE04EC0-301F-11D3-BF4B-00C04F79EFBC}") = "InventoryManagement.Configuration", "InventoryManagement.Configuration\InventoryManagement.Configuration.csproj", "{BE035038-2FD7-478D-A889-6B0906C3FDF4}"
EndProject
Project("{FAE04EC0-301F-11D3-BF4B-00C04F79EFBC}") = "InvoiceManagement.Configuration", "InvoiceManagement.Configuration\InvoiceManagement.Configuration.csproj", "{99BCF6CF-B90A-41DD-BBA5-D8A3195D18FA}"
EndProject
Project("{FAE04EC0-301F-11D3-BF4B-00C04F79EFBC}") = "LogManagement.Configuration", "LogManagement.Configuration\LogManagement.Configuration.csproj", "{ADAFED8D-20B5-46C4-8B75-73992557F3A8}"
EndProject
Project("{FAE04EC0-301F-11D3-BF4B-00C04F79EFBC}") = "PersonManagement.Configuration", "PersonManagement.Configuration\PersonManagement.Configuration.csproj", "{2188C80A-5D59-4B9E-9E3E-95EF022E9238}"
EndProject
Project("{2150E333-8FDC-42A3-9474-1A3956D46DE8}") = "PM.Application", "PM.Application", "{708288D0-91E0-4143-91BB-E00A38B15D99}"
EndProject
Project("{FAE04EC0-301F-11D3-BF4B-00C04F79EFBC}") = "PersonManagement.Application.Contract", "PersonManagement.Application.Contract\PersonManagement.Application.Contract.csproj", "{2870D015-7F32-475C-9BF0-06B399EA917C}"
EndProject
Project("{FAE04EC0-301F-11D3-BF4B-00C04F79EFBC}") = "PersonManagement.Application", "PersonManagement.Application\PersonManagement.Application.csproj", "{34FC1EFC-634B-4439-9059-1D56FCE99B79}"
EndProject
Project("{FAE04EC0-301F-11D3-BF4B-00C04F79EFBC}") = "Taadol_Cal", "Taadol_Cal\Taadol_Cal.csproj", "{E932F0AF-27CF-A36B-A9A7-4DF5AB494D6D}"
EndProject
Project("{FAE04EC0-301F-11D3-BF4B-00C04F79EFBC}") = "ConnectionStringProject", "ConnectionStringProject\ConnectionStringProject.csproj", "{553C7DF3-277A-44D0-80BD-7B13A8A0D557}"
EndProject
Project("{2150E333-8FDC-42A3-9474-1A3956D46DE8}") = "CodeManagement", "CodeManagement", "{81AE92A9-DEEC-46F3-99A0-FE89FAFCE3E5}"
EndProject
Project("{2150E333-8FDC-42A3-9474-1A3956D46DE8}") = "CM.Domain", "CM.Domain", "{B16CA56D-12F1-486F-94E2-974B0B93B778}"
EndProject
Project("{FAE04EC0-301F-11D3-BF4B-00C04F79EFBC}") = "CodeManagement.Domain", "CodeManagement.Domain\CodeManagement.Domain.csproj", "{2DB1D7F1-8ACA-471F-A891-FC91653CAE02}"
EndProject
Project("{2150E333-8FDC-42A3-9474-1A3956D46DE8}") = "CM.Infrastructure", "CM.Infrastructure", "{78338D67-162F-47E4-BCED-C0CCDD80A70A}"
EndProject
Project("{FAE04EC0-301F-11D3-BF4B-00C04F79EFBC}") = "CodeManagement.Infrastructure.EFCore", "CodeManagement.Infrastructure.EFCore\CodeManagement.Infrastructure.EFCore.csproj", "{43937407-60F4-4AB9-A8AC-FA1384CE2B1B}"
EndProject
Project("{FAE04EC0-301F-11D3-BF4B-00C04F79EFBC}") = "CodeManagement.Configuration", "CodeManagement.Configuration\CodeManagement.Configuration.csproj", "{348F6E57-82F4-43A1-ACB7-715502A81395}"
EndProject
Global
	GlobalSection(SolutionConfigurationPlatforms) = preSolution
		Debug|Any CPU = Debug|Any CPU
		Release|Any CPU = Release|Any CPU
	EndGlobalSection
	GlobalSection(ProjectConfigurationPlatforms) = postSolution
		{C5B341DA-E3DC-42A1-B9B3-202112588FF0}.Debug|Any CPU.ActiveCfg = Debug|Any CPU
		{C5B341DA-E3DC-42A1-B9B3-202112588FF0}.Debug|Any CPU.Build.0 = Debug|Any CPU
		{C5B341DA-E3DC-42A1-B9B3-202112588FF0}.Release|Any CPU.ActiveCfg = Release|Any CPU
		{C5B341DA-E3DC-42A1-B9B3-202112588FF0}.Release|Any CPU.Build.0 = Release|Any CPU
		{65AB6357-959C-4B10-93F7-883E7FEAA89E}.Debug|Any CPU.ActiveCfg = Debug|Any CPU
		{65AB6357-959C-4B10-93F7-883E7FEAA89E}.Debug|Any CPU.Build.0 = Debug|Any CPU
		{65AB6357-959C-4B10-93F7-883E7FEAA89E}.Release|Any CPU.ActiveCfg = Release|Any CPU
		{65AB6357-959C-4B10-93F7-883E7FEAA89E}.Release|Any CPU.Build.0 = Release|Any CPU
		{1518C540-23EC-4443-A81F-4E99B55C83BF}.Debug|Any CPU.ActiveCfg = Debug|Any CPU
		{1518C540-23EC-4443-A81F-4E99B55C83BF}.Debug|Any CPU.Build.0 = Debug|Any CPU
		{1518C540-23EC-4443-A81F-4E99B55C83BF}.Release|Any CPU.ActiveCfg = Release|Any CPU
		{1518C540-23EC-4443-A81F-4E99B55C83BF}.Release|Any CPU.Build.0 = Release|Any CPU
		{2F94F399-F14B-4EFB-9818-55EE6A8D13E1}.Debug|Any CPU.ActiveCfg = Debug|Any CPU
		{2F94F399-F14B-4EFB-9818-55EE6A8D13E1}.Debug|Any CPU.Build.0 = Debug|Any CPU
		{2F94F399-F14B-4EFB-9818-55EE6A8D13E1}.Release|Any CPU.ActiveCfg = Release|Any CPU
		{2F94F399-F14B-4EFB-9818-55EE6A8D13E1}.Release|Any CPU.Build.0 = Release|Any CPU
		{FDA22D3B-A89E-4F72-A8B7-2DFE7F1BCB72}.Debug|Any CPU.ActiveCfg = Debug|Any CPU
		{FDA22D3B-A89E-4F72-A8B7-2DFE7F1BCB72}.Debug|Any CPU.Build.0 = Debug|Any CPU
		{FDA22D3B-A89E-4F72-A8B7-2DFE7F1BCB72}.Release|Any CPU.ActiveCfg = Release|Any CPU
		{FDA22D3B-A89E-4F72-A8B7-2DFE7F1BCB72}.Release|Any CPU.Build.0 = Release|Any CPU
		{07E18E20-385C-497C-9526-5491F6D35621}.Debug|Any CPU.ActiveCfg = Debug|Any CPU
		{07E18E20-385C-497C-9526-5491F6D35621}.Debug|Any CPU.Build.0 = Debug|Any CPU
		{07E18E20-385C-497C-9526-5491F6D35621}.Release|Any CPU.ActiveCfg = Release|Any CPU
		{07E18E20-385C-497C-9526-5491F6D35621}.Release|Any CPU.Build.0 = Release|Any CPU
		{7E8C69FC-6149-4D10-AA33-8804B8DCBA79}.Debug|Any CPU.ActiveCfg = Debug|Any CPU
		{7E8C69FC-6149-4D10-AA33-8804B8DCBA79}.Debug|Any CPU.Build.0 = Debug|Any CPU
		{7E8C69FC-6149-4D10-AA33-8804B8DCBA79}.Release|Any CPU.ActiveCfg = Release|Any CPU
		{7E8C69FC-6149-4D10-AA33-8804B8DCBA79}.Release|Any CPU.Build.0 = Release|Any CPU
		{0168BA89-4169-4A72-86EE-0A2C1F128EBB}.Debug|Any CPU.ActiveCfg = Debug|Any CPU
		{0168BA89-4169-4A72-86EE-0A2C1F128EBB}.Debug|Any CPU.Build.0 = Debug|Any CPU
		{0168BA89-4169-4A72-86EE-0A2C1F128EBB}.Release|Any CPU.ActiveCfg = Release|Any CPU
		{0168BA89-4169-4A72-86EE-0A2C1F128EBB}.Release|Any CPU.Build.0 = Release|Any CPU
		{0B17F7D5-218E-4151-8332-454F296AFEA7}.Debug|Any CPU.ActiveCfg = Debug|Any CPU
		{0B17F7D5-218E-4151-8332-454F296AFEA7}.Debug|Any CPU.Build.0 = Debug|Any CPU
		{0B17F7D5-218E-4151-8332-454F296AFEA7}.Release|Any CPU.ActiveCfg = Release|Any CPU
		{0B17F7D5-218E-4151-8332-454F296AFEA7}.Release|Any CPU.Build.0 = Release|Any CPU
		{094E6888-FA29-464E-84BF-6DCC0F44C1C5}.Debug|Any CPU.ActiveCfg = Debug|Any CPU
		{094E6888-FA29-464E-84BF-6DCC0F44C1C5}.Debug|Any CPU.Build.0 = Debug|Any CPU
		{094E6888-FA29-464E-84BF-6DCC0F44C1C5}.Release|Any CPU.ActiveCfg = Release|Any CPU
		{094E6888-FA29-464E-84BF-6DCC0F44C1C5}.Release|Any CPU.Build.0 = Release|Any CPU
		{D1279532-608D-44CC-84E6-3AA6F11DF201}.Debug|Any CPU.ActiveCfg = Debug|Any CPU
		{D1279532-608D-44CC-84E6-3AA6F11DF201}.Debug|Any CPU.Build.0 = Debug|Any CPU
		{D1279532-608D-44CC-84E6-3AA6F11DF201}.Release|Any CPU.ActiveCfg = Release|Any CPU
		{D1279532-608D-44CC-84E6-3AA6F11DF201}.Release|Any CPU.Build.0 = Release|Any CPU
		{6FD1A2B9-5EA8-4B1F-AB2D-40688EE95FE6}.Debug|Any CPU.ActiveCfg = Debug|Any CPU
		{6FD1A2B9-5EA8-4B1F-AB2D-40688EE95FE6}.Debug|Any CPU.Build.0 = Debug|Any CPU
		{6FD1A2B9-5EA8-4B1F-AB2D-40688EE95FE6}.Release|Any CPU.ActiveCfg = Release|Any CPU
		{6FD1A2B9-5EA8-4B1F-AB2D-40688EE95FE6}.Release|Any CPU.Build.0 = Release|Any CPU
		{1185B43B-8B8D-4401-BBB1-EFB969CDE224}.Debug|Any CPU.ActiveCfg = Debug|Any CPU
		{1185B43B-8B8D-4401-BBB1-EFB969CDE224}.Debug|Any CPU.Build.0 = Debug|Any CPU
		{1185B43B-8B8D-4401-BBB1-EFB969CDE224}.Release|Any CPU.ActiveCfg = Release|Any CPU
		{1185B43B-8B8D-4401-BBB1-EFB969CDE224}.Release|Any CPU.Build.0 = Release|Any CPU
		{9325ECDE-5AB1-4993-BA9F-A503718E94D2}.Debug|Any CPU.ActiveCfg = Debug|Any CPU
		{9325ECDE-5AB1-4993-BA9F-A503718E94D2}.Debug|Any CPU.Build.0 = Debug|Any CPU
		{9325ECDE-5AB1-4993-BA9F-A503718E94D2}.Release|Any CPU.ActiveCfg = Release|Any CPU
		{9325ECDE-5AB1-4993-BA9F-A503718E94D2}.Release|Any CPU.Build.0 = Release|Any CPU
		{9797B7F3-62C4-4F8A-802E-5DDC86D0F0BC}.Debug|Any CPU.ActiveCfg = Debug|Any CPU
		{9797B7F3-62C4-4F8A-802E-5DDC86D0F0BC}.Debug|Any CPU.Build.0 = Debug|Any CPU
		{9797B7F3-62C4-4F8A-802E-5DDC86D0F0BC}.Release|Any CPU.ActiveCfg = Release|Any CPU
		{9797B7F3-62C4-4F8A-802E-5DDC86D0F0BC}.Release|Any CPU.Build.0 = Release|Any CPU
		{0373DDCD-C62A-4820-A0E0-7F58AA30619A}.Debug|Any CPU.ActiveCfg = Debug|Any CPU
		{0373DDCD-C62A-4820-A0E0-7F58AA30619A}.Debug|Any CPU.Build.0 = Debug|Any CPU
		{0373DDCD-C62A-4820-A0E0-7F58AA30619A}.Release|Any CPU.ActiveCfg = Release|Any CPU
		{0373DDCD-C62A-4820-A0E0-7F58AA30619A}.Release|Any CPU.Build.0 = Release|Any CPU
		{580408D0-06D4-420A-8930-4A95D3B0417D}.Debug|Any CPU.ActiveCfg = Debug|Any CPU
		{580408D0-06D4-420A-8930-4A95D3B0417D}.Debug|Any CPU.Build.0 = Debug|Any CPU
		{580408D0-06D4-420A-8930-4A95D3B0417D}.Release|Any CPU.ActiveCfg = Release|Any CPU
		{580408D0-06D4-420A-8930-4A95D3B0417D}.Release|Any CPU.Build.0 = Release|Any CPU
		{495F238F-EE55-48BB-9FAF-27F33A42B293}.Debug|Any CPU.ActiveCfg = Debug|Any CPU
		{495F238F-EE55-48BB-9FAF-27F33A42B293}.Debug|Any CPU.Build.0 = Debug|Any CPU
		{495F238F-EE55-48BB-9FAF-27F33A42B293}.Release|Any CPU.ActiveCfg = Release|Any CPU
		{495F238F-EE55-48BB-9FAF-27F33A42B293}.Release|Any CPU.Build.0 = Release|Any CPU
		{DA3F8368-BF7E-47F8-8A36-DF9D07512F3D}.Debug|Any CPU.ActiveCfg = Debug|Any CPU
		{DA3F8368-BF7E-47F8-8A36-DF9D07512F3D}.Debug|Any CPU.Build.0 = Debug|Any CPU
		{DA3F8368-BF7E-47F8-8A36-DF9D07512F3D}.Release|Any CPU.ActiveCfg = Release|Any CPU
		{DA3F8368-BF7E-47F8-8A36-DF9D07512F3D}.Release|Any CPU.Build.0 = Release|Any CPU
		{5062B4C2-00D9-4CB6-B2CC-94924FBFA27E}.Debug|Any CPU.ActiveCfg = Debug|Any CPU
		{5062B4C2-00D9-4CB6-B2CC-94924FBFA27E}.Debug|Any CPU.Build.0 = Debug|Any CPU
		{5062B4C2-00D9-4CB6-B2CC-94924FBFA27E}.Release|Any CPU.ActiveCfg = Release|Any CPU
		{5062B4C2-00D9-4CB6-B2CC-94924FBFA27E}.Release|Any CPU.Build.0 = Release|Any CPU
		{3E02CDAB-F757-46BB-9EE4-4E5503855DBA}.Debug|Any CPU.ActiveCfg = Debug|Any CPU
		{3E02CDAB-F757-46BB-9EE4-4E5503855DBA}.Debug|Any CPU.Build.0 = Debug|Any CPU
		{3E02CDAB-F757-46BB-9EE4-4E5503855DBA}.Release|Any CPU.ActiveCfg = Release|Any CPU
		{3E02CDAB-F757-46BB-9EE4-4E5503855DBA}.Release|Any CPU.Build.0 = Release|Any CPU
		{4ABF39B2-792F-4CA5-AD05-92BCF4DB199A}.Debug|Any CPU.ActiveCfg = Debug|Any CPU
		{4ABF39B2-792F-4CA5-AD05-92BCF4DB199A}.Debug|Any CPU.Build.0 = Debug|Any CPU
		{4ABF39B2-792F-4CA5-AD05-92BCF4DB199A}.Release|Any CPU.ActiveCfg = Release|Any CPU
		{4ABF39B2-792F-4CA5-AD05-92BCF4DB199A}.Release|Any CPU.Build.0 = Release|Any CPU
		{18D912B6-F209-4135-9DF9-8073DD6B5E62}.Debug|Any CPU.ActiveCfg = Debug|Any CPU
		{18D912B6-F209-4135-9DF9-8073DD6B5E62}.Debug|Any CPU.Build.0 = Debug|Any CPU
		{18D912B6-F209-4135-9DF9-8073DD6B5E62}.Release|Any CPU.ActiveCfg = Release|Any CPU
		{18D912B6-F209-4135-9DF9-8073DD6B5E62}.Release|Any CPU.Build.0 = Release|Any CPU
		{60DF6276-E48E-4C8C-9E7F-48DBB2C467F9}.Debug|Any CPU.ActiveCfg = Debug|Any CPU
		{60DF6276-E48E-4C8C-9E7F-48DBB2C467F9}.Debug|Any CPU.Build.0 = Debug|Any CPU
		{60DF6276-E48E-4C8C-9E7F-48DBB2C467F9}.Release|Any CPU.ActiveCfg = Release|Any CPU
		{60DF6276-E48E-4C8C-9E7F-48DBB2C467F9}.Release|Any CPU.Build.0 = Release|Any CPU
		{BE035038-2FD7-478D-A889-6B0906C3FDF4}.Debug|Any CPU.ActiveCfg = Debug|Any CPU
		{BE035038-2FD7-478D-A889-6B0906C3FDF4}.Debug|Any CPU.Build.0 = Debug|Any CPU
		{BE035038-2FD7-478D-A889-6B0906C3FDF4}.Release|Any CPU.ActiveCfg = Release|Any CPU
		{BE035038-2FD7-478D-A889-6B0906C3FDF4}.Release|Any CPU.Build.0 = Release|Any CPU
		{99BCF6CF-B90A-41DD-BBA5-D8A3195D18FA}.Debug|Any CPU.ActiveCfg = Debug|Any CPU
		{99BCF6CF-B90A-41DD-BBA5-D8A3195D18FA}.Debug|Any CPU.Build.0 = Debug|Any CPU
		{99BCF6CF-B90A-41DD-BBA5-D8A3195D18FA}.Release|Any CPU.ActiveCfg = Release|Any CPU
		{99BCF6CF-B90A-41DD-BBA5-D8A3195D18FA}.Release|Any CPU.Build.0 = Release|Any CPU
		{ADAFED8D-20B5-46C4-8B75-73992557F3A8}.Debug|Any CPU.ActiveCfg = Debug|Any CPU
		{ADAFED8D-20B5-46C4-8B75-73992557F3A8}.Debug|Any CPU.Build.0 = Debug|Any CPU
		{ADAFED8D-20B5-46C4-8B75-73992557F3A8}.Release|Any CPU.ActiveCfg = Release|Any CPU
		{ADAFED8D-20B5-46C4-8B75-73992557F3A8}.Release|Any CPU.Build.0 = Release|Any CPU
		{2188C80A-5D59-4B9E-9E3E-95EF022E9238}.Debug|Any CPU.ActiveCfg = Debug|Any CPU
		{2188C80A-5D59-4B9E-9E3E-95EF022E9238}.Debug|Any CPU.Build.0 = Debug|Any CPU
		{2188C80A-5D59-4B9E-9E3E-95EF022E9238}.Release|Any CPU.ActiveCfg = Release|Any CPU
		{2188C80A-5D59-4B9E-9E3E-95EF022E9238}.Release|Any CPU.Build.0 = Release|Any CPU
		{2870D015-7F32-475C-9BF0-06B399EA917C}.Debug|Any CPU.ActiveCfg = Debug|Any CPU
		{2870D015-7F32-475C-9BF0-06B399EA917C}.Debug|Any CPU.Build.0 = Debug|Any CPU
		{2870D015-7F32-475C-9BF0-06B399EA917C}.Release|Any CPU.ActiveCfg = Release|Any CPU
		{2870D015-7F32-475C-9BF0-06B399EA917C}.Release|Any CPU.Build.0 = Release|Any CPU
		{34FC1EFC-634B-4439-9059-1D56FCE99B79}.Debug|Any CPU.ActiveCfg = Debug|Any CPU
		{34FC1EFC-634B-4439-9059-1D56FCE99B79}.Debug|Any CPU.Build.0 = Debug|Any CPU
		{34FC1EFC-634B-4439-9059-1D56FCE99B79}.Release|Any CPU.ActiveCfg = Release|Any CPU
		{34FC1EFC-634B-4439-9059-1D56FCE99B79}.Release|Any CPU.Build.0 = Release|Any CPU
		{E932F0AF-27CF-A36B-A9A7-4DF5AB494D6D}.Debug|Any CPU.ActiveCfg = Debug|Any CPU
		{E932F0AF-27CF-A36B-A9A7-4DF5AB494D6D}.Debug|Any CPU.Build.0 = Debug|Any CPU
		{E932F0AF-27CF-A36B-A9A7-4DF5AB494D6D}.Release|Any CPU.ActiveCfg = Release|Any CPU
		{E932F0AF-27CF-A36B-A9A7-4DF5AB494D6D}.Release|Any CPU.Build.0 = Release|Any CPU
		{553C7DF3-277A-44D0-80BD-7B13A8A0D557}.Debug|Any CPU.ActiveCfg = Debug|Any CPU
		{553C7DF3-277A-44D0-80BD-7B13A8A0D557}.Debug|Any CPU.Build.0 = Debug|Any CPU
		{553C7DF3-277A-44D0-80BD-7B13A8A0D557}.Release|Any CPU.ActiveCfg = Release|Any CPU
		{553C7DF3-277A-44D0-80BD-7B13A8A0D557}.Release|Any CPU.Build.0 = Release|Any CPU
		{2DB1D7F1-8ACA-471F-A891-FC91653CAE02}.Debug|Any CPU.ActiveCfg = Debug|Any CPU
		{2DB1D7F1-8ACA-471F-A891-FC91653CAE02}.Debug|Any CPU.Build.0 = Debug|Any CPU
		{2DB1D7F1-8ACA-471F-A891-FC91653CAE02}.Release|Any CPU.ActiveCfg = Release|Any CPU
		{2DB1D7F1-8ACA-471F-A891-FC91653CAE02}.Release|Any CPU.Build.0 = Release|Any CPU
		{43937407-60F4-4AB9-A8AC-FA1384CE2B1B}.Debug|Any CPU.ActiveCfg = Debug|Any CPU
		{43937407-60F4-4AB9-A8AC-FA1384CE2B1B}.Debug|Any CPU.Build.0 = Debug|Any CPU
		{43937407-60F4-4AB9-A8AC-FA1384CE2B1B}.Release|Any CPU.ActiveCfg = Release|Any CPU
		{43937407-60F4-4AB9-A8AC-FA1384CE2B1B}.Release|Any CPU.Build.0 = Release|Any CPU
		{348F6E57-82F4-43A1-ACB7-715502A81395}.Debug|Any CPU.ActiveCfg = Debug|Any CPU
		{348F6E57-82F4-43A1-ACB7-715502A81395}.Debug|Any CPU.Build.0 = Debug|Any CPU
		{348F6E57-82F4-43A1-ACB7-715502A81395}.Release|Any CPU.ActiveCfg = Release|Any CPU
		{348F6E57-82F4-43A1-ACB7-715502A81395}.Release|Any CPU.Build.0 = Release|Any CPU
	EndGlobalSection
	GlobalSection(SolutionProperties) = preSolution
		HideSolutionNode = FALSE
	EndGlobalSection
	GlobalSection(NestedProjects) = preSolution
		{4A1EB669-0751-4E48-81B0-21FA26C607E6} = {02EA681E-C7D8-13C7-8484-4AC65E1B71E8}
		{C5B341DA-E3DC-42A1-B9B3-202112588FF0} = {4A1EB669-0751-4E48-81B0-21FA26C607E6}
		{0FA894EF-B245-4726-B05D-254347803F5F} = {3CA45053-DD68-4BD9-9278-5CDAF6FAE340}
		{1518C540-23EC-4443-A81F-4E99B55C83BF} = {0FA894EF-B245-4726-B05D-254347803F5F}
		{B7BF48BD-70BE-42B1-A8D0-14AD09402B60} = {3631DCDB-30F9-4FD5-AAF7-2275A62A448E}
		{2F94F399-F14B-4EFB-9818-55EE6A8D13E1} = {B7BF48BD-70BE-42B1-A8D0-14AD09402B60}
		{9CC57C02-218F-4081-83E1-D9EEA2EA59CB} = {CD268D7B-854B-40F2-B1B1-5FEA0C279761}
		{FDA22D3B-A89E-4F72-A8B7-2DFE7F1BCB72} = {9CC57C02-218F-4081-83E1-D9EEA2EA59CB}
		{8F7EAD4C-0FA7-4A23-BFA5-9C05178305E9} = {1AB2CE50-BF2E-4EF8-82F4-0962A6105953}
		{07E18E20-385C-497C-9526-5491F6D35621} = {8F7EAD4C-0FA7-4A23-BFA5-9C05178305E9}
		{57991AA3-1C0A-4421-9FE4-42B7BEDC7941} = {A7B0587D-0EF7-4B03-A5E2-1B59D48BF62D}
		{7E8C69FC-6149-4D10-AA33-8804B8DCBA79} = {57991AA3-1C0A-4421-9FE4-42B7BEDC7941}
		{DD31B906-BAE5-499E-8CB2-F4A573E1BD54} = {44C01820-5E56-4B22-A0FB-9F4B19AD62E9}
		{0168BA89-4169-4A72-86EE-0A2C1F128EBB} = {DD31B906-BAE5-499E-8CB2-F4A573E1BD54}
		{E1339215-5369-46BE-A6C6-2D88D231AF51} = {FF15DB3C-4948-4659-B551-CCA8A2B0014D}
		{0B17F7D5-218E-4151-8332-454F296AFEA7} = {E1339215-5369-46BE-A6C6-2D88D231AF51}
		{E17149DD-1945-44E3-AC7F-29B0F292213A} = {E418AE51-4A64-4152-A108-043AC283F490}
		{094E6888-FA29-464E-84BF-6DCC0F44C1C5} = {E17149DD-1945-44E3-AC7F-29B0F292213A}
		{F9FADDEE-EE43-425F-99D1-880B2ABB52A9} = {02EA681E-C7D8-13C7-8484-4AC65E1B71E8}
		{D1279532-608D-44CC-84E6-3AA6F11DF201} = {F9FADDEE-EE43-425F-99D1-880B2ABB52A9}
		{6FD1A2B9-5EA8-4B1F-AB2D-40688EE95FE6} = {F9FADDEE-EE43-425F-99D1-880B2ABB52A9}
		{13F7B441-AE35-42E2-8F78-B43B958D2809} = {FF15DB3C-4948-4659-B551-CCA8A2B0014D}
		{1185B43B-8B8D-4401-BBB1-EFB969CDE224} = {13F7B441-AE35-42E2-8F78-B43B958D2809}
		{7A259F32-CB08-478F-A263-65B0458D98C4} = {3631DCDB-30F9-4FD5-AAF7-2275A62A448E}
		{9325ECDE-5AB1-4993-BA9F-A503718E94D2} = {7A259F32-CB08-478F-A263-65B0458D98C4}
		{3900CC97-523A-410C-AB67-F4E6A92F3235} = {3CA45053-DD68-4BD9-9278-5CDAF6FAE340}
		{9797B7F3-62C4-4F8A-802E-5DDC86D0F0BC} = {3900CC97-523A-410C-AB67-F4E6A92F3235}
		{BBFC588E-73D2-4D13-B1A9-9DBB3906CCDC} = {E418AE51-4A64-4152-A108-043AC283F490}
		{0373DDCD-C62A-4820-A0E0-7F58AA30619A} = {BBFC588E-73D2-4D13-B1A9-9DBB3906CCDC}
		{DAD717B7-C223-4172-ACF1-DFAF40FFB2D5} = {1AB2CE50-BF2E-4EF8-82F4-0962A6105953}
		{580408D0-06D4-420A-8930-4A95D3B0417D} = {DAD717B7-C223-4172-ACF1-DFAF40FFB2D5}
		{F43155CC-E6E3-46C1-9F15-8F4B2C94221C} = {44C01820-5E56-4B22-A0FB-9F4B19AD62E9}
		{495F238F-EE55-48BB-9FAF-27F33A42B293} = {F43155CC-E6E3-46C1-9F15-8F4B2C94221C}
		{CEE900F5-2B7E-4D48-9B46-9297A73BD6EE} = {CD268D7B-854B-40F2-B1B1-5FEA0C279761}
		{DA3F8368-BF7E-47F8-8A36-DF9D07512F3D} = {CEE900F5-2B7E-4D48-9B46-9297A73BD6EE}
		{5062B4C2-00D9-4CB6-B2CC-94924FBFA27E} = {DAD717B7-C223-4172-ACF1-DFAF40FFB2D5}
		{E5A49E57-6C91-4686-8331-793A1191930F} = {A7B0587D-0EF7-4B03-A5E2-1B59D48BF62D}
		{3E02CDAB-F757-46BB-9EE4-4E5503855DBA} = {E5A49E57-6C91-4686-8331-793A1191930F}
		{4ABF39B2-792F-4CA5-AD05-92BCF4DB199A} = {13F7B441-AE35-42E2-8F78-B43B958D2809}
		{18D912B6-F209-4135-9DF9-8073DD6B5E62} = {7A259F32-CB08-478F-A263-65B0458D98C4}
		{60DF6276-E48E-4C8C-9E7F-48DBB2C467F9} = {3900CC97-523A-410C-AB67-F4E6A92F3235}
		{BE035038-2FD7-478D-A889-6B0906C3FDF4} = {F43155CC-E6E3-46C1-9F15-8F4B2C94221C}
		{99BCF6CF-B90A-41DD-BBA5-D8A3195D18FA} = {CEE900F5-2B7E-4D48-9B46-9297A73BD6EE}
		{ADAFED8D-20B5-46C4-8B75-73992557F3A8} = {BBFC588E-73D2-4D13-B1A9-9DBB3906CCDC}
		{2188C80A-5D59-4B9E-9E3E-95EF022E9238} = {E5A49E57-6C91-4686-8331-793A1191930F}
		{708288D0-91E0-4143-91BB-E00A38B15D99} = {A7B0587D-0EF7-4B03-A5E2-1B59D48BF62D}
		{2870D015-7F32-475C-9BF0-06B399EA917C} = {708288D0-91E0-4143-91BB-E00A38B15D99}
		{34FC1EFC-634B-4439-9059-1D56FCE99B79} = {708288D0-91E0-4143-91BB-E00A38B15D99}
		{B16CA56D-12F1-486F-94E2-974B0B93B778} = {81AE92A9-DEEC-46F3-99A0-FE89FAFCE3E5}
		{2DB1D7F1-8ACA-471F-A891-FC91653CAE02} = {B16CA56D-12F1-486F-94E2-974B0B93B778}
		{78338D67-162F-47E4-BCED-C0CCDD80A70A} = {81AE92A9-DEEC-46F3-99A0-FE89FAFCE3E5}
		{43937407-60F4-4AB9-A8AC-FA1384CE2B1B} = {78338D67-162F-47E4-BCED-C0CCDD80A70A}
		{348F6E57-82F4-43A1-ACB7-715502A81395} = {78338D67-162F-47E4-BCED-C0CCDD80A70A}
	EndGlobalSection
	GlobalSection(ExtensibilityGlobals) = postSolution
		SolutionGuid = {755146A5-DE3D-4433-86D5-CFC10BD5F267}
	EndGlobalSection
EndGlobal
